{
  "name": "grabitmap-i18n",
  "lockfileVersion": 3,
  "requires": true,
  "packages": {
    "": {
      "name": "grabitmap-i18n",
      "devDependencies": {
        "@inlang/paraglide-js": "^2.4.0",
        "@inlang/plugin-m-function-matcher": "2.2.13",
        "@inlang/plugin-message-format": "4.4.4"
      }
    },
    "node_modules/@inlang/paraglide-js": {
      "version": "2.25.0",
      "resolved": "https://registry.npmjs.org/@inlang/paraglide-js/-/paraglide-js-2.25.0.tgz",
      "integrity": "sha512-a3Gw3md1S3WyJK1rFAP/FwDCsFKnu1b98rJ3k5bUl6nc3cmbglaSYpuK9qq9aLLlUlZhuCtB/Pb1LeKDUaLycg==",
      "dev": true,
      "license": "MIT",
      "dependencies": {
        "@inlang/recommend-sherlock": "^0.2.1",
        "@inlang/sdk": "^3.0.1",
        "commander": "11.1.0",
        "consola": "3.4.0",
        "jiti": "^2.7.0",
        "json5": "2.2.3",
        "unplugin": "^2.1.2",
        "urlpattern-polyfill": "^10.0.0",
        "valibot": "^1.4.2"
      },
      "bin": {
        "paraglide-js": "bin/run.js"
      },
      "peerDependencies": {
        "typescript": ">=5.6",
        "vite": ">=5.0.0"
      },
      "peerDependenciesMeta": {
        "typescript": {
          "optional": true
        },
        "vite": {
          "optional": true
        }
      }
    },
    "node_modules/@inlang/plugin-m-function-matcher": {
      "version": "2.2.13",
      "resolved": "https://registry.npmjs.org/@inlang/plugin-m-function-matcher/-/plugin-m-function-matcher-2.2.13.tgz",
      "integrity": "sha512-TO6v+nty8ntoeL/3rJ1wGazyfkOHnshmSy+biHdD5mJubopKIxG5Zrl563aEkXjAm/S4jMvenIrVJUPvMDlJfg==",
      "dev": true,
      "dependencies": {
        "@inlang/sdk": "3.0.3"
      }
    },
    "node_modules/@inlang/plugin-message-format": {
      "version": "4.4.4",
      "resolved": "https://registry.npmjs.org/@inlang/plugin-message-format/-/plugin-message-format-4.4.4.tgz",
      "integrity": "sha512-50tkyH/qMFudcIOZSCRdi+BeCVuJQo3BWbvfRTVKr8pEslBiRaZDTKBC1NkCI3ivmkyqzK8k+ktBci3NtDu3Lg==",
      "dev": true,
      "dependencies": {
        "flat": "^6.0.1"
      }
    },
    "node_modules/@inlang/recommend-sherlock": {
      "version": "0.2.1",
      "resolved": "https://registry.npmjs.org/@inlang/recommend-sherlock/-/recommend-sherlock-0.2.1.tgz",
      "integrity": "sha512-ckv8HvHy/iTqaVAEKrr+gnl+p3XFNwe5D2+6w6wJk2ORV2XkcRkKOJ/XsTUJbPSiyi4PI+p+T3bqbmNx/rDUlg==",
      "dev": true,
      "license": "MIT",
      "dependencies": {
        "comment-json": "^4.2.3"
      }
    },
    "node_modules/@inlang/sdk": {
      "version": "3.0.3",
      "resolved": "https://registry.npmjs.org/@inlang/sdk/-/sdk-3.0.3.tgz",
      "integrity": "sha512-11aQcOw58oAcCtIOJ17XhQxfxaiGsg6XJi7coMul8wNJiW+Rzv2OfJU42NLwSuWXUNSASjegp5Z3uklTkY5GJw==",
      "dev": true,
      "license": "MIT",
      "dependencies": {
        "@lix-js/sdk": "0.12.3",
        "@sinclair/typebox": "^0.31.17",
        "kysely": "^0.28.12",
        "uuid": "^14.0.0"
      },
      "engines": {
        "node": ">=20.0.0"
      }
    },
    "node_modules/@jridgewell/gen-mapping": {
      "version": "0.3.13",
      "resolved": "https://registry.npmjs.org/@jridgewell/gen-mapping/-/gen-mapping-0.3.13.tgz",
      "integrity": "sha512-2kkt/7niJ6MgEPxF0bYdQ6etZaA+fQvDcLKckhy1yIQOzaoKjBBjSj63/aLVjYE3qhRt5dvM+uUyfCg6UKCBbA==",
      "dev": true,
      "license": "MIT",
      "dependencies": {
        "@jridgewell/sourcemap-codec": "^1.5.0",
        "@jridgewell/trace-mapping": "^0.3.24"
      }
    },
    "node_modules/@jridgewell/remapping": {
      "version": "2.3.5",
      "resolved": "https://registry.npmjs.org/@jridgewell/remapping/-/remapping-2.3.5.tgz",
      "integrity": "sha512-LI9u/+laYG4Ds1TDKSJW2YPrIlcVYOwi2fUC6xB43lueCjgxV4lffOCZCtYFiH6TNOX+tQKXx97T4IKHbhyHEQ==",
      "dev": true,
      "license": "MIT",
      "dependencies": {
        "@jridgewell/gen-mapping": "^0.3.5",
        "@jridgewell/trace-mapping": "^0.3.24"
      }
    },
    "node_modules/@jridgewell/resolve-uri": {
      "version": "3.1.2",
      "resolved": "https://registry.npmjs.org/@jridgewell/resolve-uri/-/resolve-uri-3.1.2.tgz",
      "integrity": "sha512-bRISgCIjP20/tbWSPWMEi54QVPRZExkuD9lJL+UIxUKtwVJA8wW1Trb1jMs1RFXo1CBTNZ/5hpC9QvmKWdopKw==",
      "dev": true,
      "license": "MIT",
      "engines": {
        "node": ">=6.0.0"
      }
    },
    "node_modules/@jridgewell/sourcemap-codec": {
      "version": "1.6.0",
      "resolved": "https://registry.npmjs.org/@jridgewell/sourcemap-codec/-/sourcemap-codec-1.6.0.tgz",
      "integrity": "sha512-T7jf+5zgsZHwNJ4lvQ7/aezbyk0nNX+zJVWpmHA7VYsEx7a7qr5Rg5IbtJFqkgze5Y2sruq1RUY8Q837Od7iFw==",
      "dev": true,
      "license": "MIT"
    },
    "node_modules/@jridgewell/trace-mapping": {
      "version": "0.3.31",
      "resolved": "https://registry.npmjs.org/@jridgewell/trace-mapping/-/trace-mapping-0.3.31.tgz",
      "integrity": "sha512-zzNR+SdQSDJzc8joaeP8QQoCQr8NuYx2dIIytl1QeBEZHJ9uW6hebsrYgbz8hJwUQao3TWCMtmfV8Nu1twOLAw==",
      "dev": true,
      "license": "MIT",
      "dependencies": {
        "@jridgewell/resolve-uri": "^3.1.0",
        "@jridgewell/sourcemap-codec": "^1.4.14"
      }
    },
    "node_modules/@lix-js/sdk": {
      "version": "0.12.3",
      "resolved": "https://registry.npmjs.org/@lix-js/sdk/-/sdk-0.12.3.tgz",
      "integrity": "sha512-T2194yoZsM2S9kyRmI8UtEJL0fgXYAkeY9jZ/PVyC0K78/wmBvrqOSt9SdvgYxM5qnZ57re3NLOjVlV+X5hWxQ==",
      "dev": true,
      "license": "MIT",
      "dependencies": {
        "fflate": "^0.8.3"
      },
      "optionalDependencies": {
        "@lix-js/sdk-darwin-arm64": "0.12.3",
        "@lix-js/sdk-linux-arm64": "0.12.3",
        "@lix-js/sdk-linux-x64": "0.12.3",
        "@lix-js/sdk-win32-x64": "0.12.3"
      }
    },
    "node_modules/@lix-js/sdk-darwin-arm64": {
      "version": "0.12.3",
      "resolved": "https://registry.npmjs.org/@lix-js/sdk-darwin-arm64/-/sdk-darwin-arm64-0.12.3.tgz",
      "integrity": "sha512-YeMJyYGk+QwvQe8O4AAcBMgfNm68IjAGDvuvZHr1U1rIb3GC2kYFStajqf4mT4BGc+cN65/P/2kkqEo+Igu/sA==",
      "cpu": [
        "arm64"
      ],
      "dev": true,
      "optional": true,
      "os": [
        "darwin"
      ]
    },
    "node_modules/@lix-js/sdk-linux-arm64": {
      "version": "0.12.3",
      "resolved": "https://registry.npmjs.org/@lix-js/sdk-linux-arm64/-/sdk-linux-arm64-0.12.3.tgz",
      "integrity": "sha512-jtmfNg6jLW61l1QvsU3W184l3hGtYUyPGzZrQyekk0vsMF1hxsP++7ONEGNI19PE7ldwSnGCB8Q6OzRKX87abQ==",
      "cpu": [
        "arm64"
      ],
      "dev": true,
      "optional": true,
      "os": [
        "linux"
      ]
    },
    "node_modules/@lix-js/sdk-linux-x64": {
      "version": "0.12.3",
      "resolved": "https://registry.npmjs.org/@lix-js/sdk-linux-x64/-/sdk-linux-x64-0.12.3.tgz",
      "integrity": "sha512-PiQL4h1FJXbxnZx/PgenI5grgpFtYlS/ZtPtTYh638YHVu+6J0cqGY/pLVqP8CKv1dWAKsZ2YgftLd+1j2+WKA==",
      "cpu": [
        "x64"
      ],
      "dev": true,
      "optional": true,
      "os": [
        "linux"
      ]
    },
    "node_modules/@lix-js/sdk-win32-x64": {
      "version": "0.12.3",
      "resolved": "https://registry.npmjs.org/@lix-js/sdk-win32-x64/-/sdk-win32-x64-0.12.3.tgz",
      "integrity": "sha512-hnxMI7kPS4ngXs0ZVnOve5CmtC4+vaNIyNDi/yWU0rSvxj7mqw/1RCegTrCB7LjxlX4DG+eg9HruXurk9NDjGg==",
      "cpu": [
        "x64"
      ],
      "dev": true,
      "optional": true,
      "os": [
        "win32"
      ]
    },
    "node_modules/@sinclair/typebox": {
      "version": "0.31.30",
      "resolved": "https://registry.npmjs.org/@sinclair/typebox/-/typebox-0.31.30.tgz",
      "integrity": "sha512-MGsM7bVmHg3sUKCphlu3SGQ+T+5JTbygZWYArfKQCW5anJeACHeqLhcnf+R7XlCWZ+QR3C8JTBx3kCKJTN69ow==",
      "dev": true,
      "license": "MIT"
    },
    "node_modules/acorn": {
      "version": "8.18.0",
      "resolved": "https://registry.npmjs.org/acorn/-/acorn-8.18.0.tgz",
      "integrity": "sha512-lGq+9yr1/GuAWaVYIHRjvvySG5/4VfKIvC8EWxStPdcDh/Ka7FG3twP6v4d5BkravUilhIAsG4Qj83t02LWUPQ==",
      "dev": true,
      "license": "MIT",
      "bin": {
        "acorn": "bin/acorn"
      },
      "engines": {
        "node": ">=0.4.0"
      }
    },
    "node_modules/array-timsort": {
      "version": "1.0.3",
      "resolved": "https://registry.npmjs.org/array-timsort/-/array-timsort-1.0.3.tgz",
      "integrity": "sha512-/+3GRL7dDAGEfM6TseQk/U+mi18TU2Ms9I3UlLdUMhz2hbvGNTKdj9xniwXfUqgYhHxRx0+8UnKkvlNwVU+cWQ==",
      "dev": true,
      "license": "MIT"
    },
    "node_modules/commander": {
      "version": "11.1.0",
      "resolved": "https://registry.npmjs.org/commander/-/commander-11.1.0.tgz",
      "integrity": "sha512-yPVavfyCcRhmorC7rWlkHn15b4wDVgVmBA7kV4QVBsF7kv/9TKJAbAXVTxvTnwP8HHKjRCJDClKbciiYS7p0DQ==",
      "dev": true,
      "license": "MIT",
      "engines": {
        "node": ">=16"
      }
    },
    "node_modules/comment-json": {
      "version": "4.6.2",
      "resolved": "https://registry.npmjs.org/comment-json/-/comment-json-4.6.2.tgz",
      "integrity": "sha512-R2rze/hDX30uul4NZoIZ76ImSJLFxn/1/ZxtKC1L77y2X1k+yYu1joKbAtMA2Fg3hZrTOiw0I5mwVMo0cf250w==",
      "dev": true,
      "license": "MIT",
      "dependencies": {
        "array-timsort": "^1.0.3",
        "esprima": "^4.0.1"
      },
      "engines": {
        "node": ">= 6"
      }
    },
    "node_modules/consola": {
      "version": "3.4.0",
      "resolved": "https://registry.npmjs.org/consola/-/consola-3.4.0.tgz",
      "integrity": "sha512-EiPU8G6dQG0GFHNR8ljnZFki/8a+cQwEQ+7wpxdChl02Q8HXlwEZWD5lqAF8vC2sEC3Tehr8hy7vErz88LHyUA==",
      "dev": true,
      "license": "MIT",
      "engines": {
        "node": "^14.18.0 || >=16.10.0"
      }
    },
    "node_modules/esprima": {
      "version": "4.0.1",
      "resolved": "https://registry.npmjs.org/esprima/-/esprima-4.0.1.tgz",
      "integrity": "sha512-eGuFFw7Upda+g4p+QHvnW0RyTX/SVeJBDM/gCtMARO0cLuT2HcEKnTPvhjV6aGeqrCB/sbNop0Kszm0jsaWU4A==",
      "dev": true,
      "license": "BSD-2-Clause",
      "bin": {
        "esparse": "bin/esparse.js",
        "esvalidate": "bin/esvalidate.js"
      },
      "engines": {
        "node": ">=4"
      }
    },
    "node_modules/fflate": {
      "version": "0.8.3",
      "resolved": "https://registry.npmjs.org/fflate/-/fflate-0.8.3.tgz",
      "integrity": "sha512-tbZNuJrLwGUp3zshBtdy4W+ORxZuIh8a5ilyIEQDC5rY1f3U20JMry0Ll3WBzU58EZKsEuJFXhb5gwv8CsPvgA==",
      "dev": true,
      "license": "MIT"
    },
    "node_modules/flat": {
      "version": "6.0.1",
      "resolved": "https://registry.npmjs.org/flat/-/flat-6.0.1.tgz",
      "integrity": "sha512-/3FfIa8mbrg3xE7+wAhWeV+bd7L2Mof+xtZb5dRDKZ+wDvYJK4WDYeIOuOhre5Yv5aQObZrlbRmk3RTSiuQBtw==",
      "dev": true,
      "license": "BSD-3-Clause",
      "bin": {
        "flat": "cli.js"
      },
      "engines": {
        "node": ">=18"
      }
    },
    "node_modules/jiti": {
      "version": "2.7.0",
      "resolved": "https://registry.npmjs.org/jiti/-/jiti-2.7.0.tgz",
      "integrity": "sha512-AC/7JofJvZGrrneWNaEnJeOLUx+JlGt7tNa0wZiRPT4MY1wmfKjt2+6O2p2uz2+skll8OZZmJMNqeke7kKbNgQ==",
      "dev": true,
      "license": "MIT",
      "bin": {
        "jiti": "lib/jiti-cli.mjs"
      }
    },
    "node_modules/json5": {
      "version": "2.2.3",
      "resolved": "https://registry.npmjs.org/json5/-/json5-2.2.3.tgz",
      "integrity": "sha512-XmOWe7eyHYH14cLdVPoyg+GOH3rYX++KpzrylJwSW98t3Nk+U8XOl8FWKOgwtzdb8lXGf6zYwDUzeHMWfxasyg==",
      "dev": true,
      "license": "MIT",
      "bin": {
        "json5": "lib/cli.js"
      },
      "engines": {
        "node": ">=6"
      }
    },
    "node_modules/kysely": {
      "version": "0.28.17",
      "resolved": "https://registry.npmjs.org/kysely/-/kysely-0.28.17.tgz",
      "integrity": "sha512-nbD8lB9EB3wNdMhOCdx5Li8DxnLbvKByylRLcJ1h+4SkrowVeECAyZlyiKMThF7xFdRz0jSQ2MoJr+wXux2y0Q==",
      "dev": true,
      "license": "MIT",
      "engines": {
        "node": ">=20.0.0"
      }
    },
    "node_modules/picomatch": {
      "version": "4.0.7",
      "resolved": "https://registry.npmjs.org/picomatch/-/picomatch-4.0.7.tgz",
      "integrity": "sha512-qcJu88Q2IWqJsDD529JKMdwGm/dvInW4HvQnRwiH9JtihJvzGOscDtHE3x1pBKeUOTysQ8kVmLnJ2kJu7yhcGA==",
      "dev": true,
      "license": "MIT",
      "engines": {
        "node": ">=12"
      },
      "funding": {
        "url": "https://github.com/sponsors/jonschlinkert"
      }
    },
    "node_modules/unplugin": {
      "version": "2.3.11",
      "resolved": "https://registry.npmjs.org/unplugin/-/unplugin-2.3.11.tgz",
      "integrity": "sha512-5uKD0nqiYVzlmCRs01Fhs2BdkEgBS3SAVP6ndrBsuK42iC2+JHyxM05Rm9G8+5mkmRtzMZGY8Ct5+mliZxU/Ww==",
      "dev": true,
      "license": "MIT",
      "dependencies": {
        "@jridgewell/remapping": "^2.3.5",
        "acorn": "^8.15.0",
        "picomatch": "^4.0.3",
        "webpack-virtual-modules": "^0.6.2"
      },
      "engines": {
        "node": ">=18.12.0"
      }
    },
    "node_modules/urlpattern-polyfill": {
      "version": "10.1.0",
      "resolved": "https://registry.npmjs.org/urlpattern-polyfill/-/urlpattern-polyfill-10.1.0.tgz",
      "integrity": "sha512-IGjKp/o0NL3Bso1PymYURCJxMPNAf/ILOpendP9f5B6e1rTJgdgiOvgfoT8VxCAdY+Wisb9uhGaJJf3yZ2V9nw==",
      "dev": true,
      "license": "MIT"
    },
    "node_modules/uuid": {
      "version": "14.0.2",
      "resolved": "https://registry.npmjs.org/uuid/-/uuid-14.0.2.tgz",
      "integrity": "sha512-xZe/16rV4aa+HGSOCiY2YeLT1OybRLrrkL/Rqaq7p7GMVXjFh+6wN4oMYgjFmnSnhY8t6Xpdl2l9qmnHYuMHwQ==",
      "dev": true,
      "funding": [
        "https://github.com/sponsors/broofa",
        "https://github.com/sponsors/ctavan"
      ],
      "license": "MIT",
      "bin": {
        "uuid": "dist-node/bin/uuid"
      }
    },
    "node_modules/valibot": {
      "version": "1.4.2",
      "resolved": "https://registry.npmjs.org/valibot/-/valibot-1.4.2.tgz",
      "integrity": "sha512-gjdCvJ6d3RyHAneqxMYMW9QMCwYMb3jpOO0IyHZV1bnRHFBHrX3VkIILt5XYR0WhwHiH7Mty8ovuPZ/O3gamrg==",
      "dev": true,
      "license": "MIT",
      "peerDependencies": {
        "typescript": ">=5"
      },
      "peerDependenciesMeta": {
        "typescript": {
          "optional": true
        }
      }
    },
    "node_modules/webpack-virtual-modules": {
      "version": "0.6.2",
      "resolved": "https://registry.npmjs.org/webpack-virtual-modules/-/webpack-virtual-modules-0.6.2.tgz",
      "integrity": "sha512-66/V2i5hQanC51vBQKPH4aI8NMAcBW59FVBs+rC7eGHupMyfn34q7rZIE+ETlJ+XTevqfUhVVBgSUNSW2flEUQ==",
      "dev": true,
      "license": "MIT"
    }
  }
}
